// !$*UTF8*$!
{
	archiveVersion = 1;
	classes = {
	};
	objectVersion = 46;
	objects = {

/* Begin PBXBuildFile section */
		7A03A4201C08554B00D3DB00 /* main.cpp in Sources */ = {isa = PBXBuildFile; fileRef = 7A03A41F1C08554B00D3DB00 /* main.cpp */; };
/* End PBXBuildFile section */

/* Begin PBXCopyFilesBuildPhase section */
		7A03A41A1C08554B00D3DB00 /* CopyFiles */ = {
			isa = PBXCopyFilesBuildPhase;
			buildActionMask = 2147483647;
			dstPath = /usr/share/man/man1/;
			dstSubfolderSpec = 0;
			files = (
			);
			runOnlyForDeploymentPostprocessing = 1;
		};
/* End PBXCopyFilesBuildPhase section */

/* Begin PBXFileReference section */
		7A03A41C1C08554B00D3DB00 /* algorithms */ = {isa = PBXFileReference; explicitFileType = "compiled.mach-o.executable"; includeInIndex = 0; path = algorithms; sourceTree = BUILT_PRODUCTS_DIR; };
		7A03A41F1C08554B00D3DB00 /* main.cpp */ = {isa = PBXFileReference; lastKnownFileType = sourcecode.cpp.cpp; path = main.cpp; sourceTree = "<group>"; };
		7A03A4261C08555900D3DB00 /* circuits.hpp */ = {isa = PBXFileReference; fileEncoding = 4; lastKnownFileType = sourcecode.cpp.h; path = circuits.hpp; sourceTree = "<group>"; };
		7A03A4271C08555900D3DB00 /* elementary-sorts.hpp */ = {isa = PBXFileReference; fileEncoding = 4; lastKnownFileType = sourcecode.cpp.h; path = "elementary-sorts.hpp"; sourceTree = "<group>"; };
		7A03A4281C08555900D3DB00 /* heapsort-single-function.hpp */ = {isa = PBXFileReference; fileEncoding = 4; lastKnownFileType = sourcecode.cpp.h; path = "heapsort-single-function.hpp"; sourceTree = "<group>"; };
		7A03A4291C08555900D3DB00 /* heapsort.hpp */ = {isa = PBXFileReference; fileEncoding = 4; lastKnownFileType = sourcecode.cpp.h; path = heapsort.hpp; sourceTree = "<group>"; };
		7A03A42A1C08555900D3DB00 /* linked-list.hpp */ = {isa = PBXFileReference; fileEncoding = 4; lastKnownFileType = sourcecode.cpp.h; path = "linked-list.hpp"; sourceTree = "<group>"; };
		7A03A42B1C08555900D3DB00 /* marketing.hpp */ = {isa = PBXFileReference; fileEncoding = 4; lastKnownFileType = sourcecode.cpp.h; path = marketing.hpp; sourceTree = "<group>"; };
		7A03A42C1C08555900D3DB00 /* maximum-subarray.hpp */ = {isa = PBXFileReference; fileEncoding = 4; lastKnownFileType = sourcecode.cpp.h; path = "maximum-subarray.hpp"; sourceTree = "<group>"; };
		7A03A42D1C08555900D3DB00 /* median-keeper.hpp */ = {isa = PBXFileReference; fileEncoding = 4; lastKnownFileType = sourcecode.cpp.h; path = "median-keeper.hpp"; sourceTree = "<group>"; };
		7A03A42E1C08555900D3DB00 /* mergesort-single-function.hpp */ = {isa = PBXFileReference; fileEncoding = 4; lastKnownFileType = sourcecode.cpp.h; path = "mergesort-single-function.hpp"; sourceTree = "<group>"; };
		7A03A42F1C08555900D3DB00 /* mergesort.hpp */ = {isa = PBXFileReference; fileEncoding = 4; lastKnownFileType = sourcecode.cpp.h; path = mergesort.hpp; sourceTree = "<group>"; };
		7A03A4301C08555900D3DB00 /* quick-select.hpp */ = {isa = PBXFileReference; fileEncoding = 4; lastKnownFileType = sourcecode.cpp.h; path = "quick-select.hpp"; sourceTree = "<group>"; };
		7A03A4311C08555900D3DB00 /* quicksort-single-function.hpp */ = {isa = PBXFileReference; fileEncoding = 4; lastKnownFileType = sourcecode.cpp.h; path = "quicksort-single-function.hpp"; sourceTree = "<group>"; };
		7A03A4321C08555900D3DB00 /* quicksort.hpp */ = {isa = PBXFileReference; fileEncoding = 4; lastKnownFileType = sourcecode.cpp.h; path = quicksort.hpp; sourceTree = "<group>"; };
		7A03A4331C08555900D3DB00 /* substring.hpp */ = {isa = PBXFileReference; fileEncoding = 4; lastKnownFileType = sourcecode.cpp.h; path = substring.hpp; sourceTree = "<group>"; };
/* End PBXFileReference section */

/* Begin PBXFrameworksBuildPhase section */
		7A03A4191C08554B00D3DB00 /* Frameworks */ = {
			isa = PBXFrameworksBuildPhase;
			buildActionMask = 2147483647;
			files = (
			);
			runOnlyForDeploymentPostprocessing = 0;
		};
/* End PBXFrameworksBuildPhase section */

/* Begin PBXGroup section */
		7A03A4131C08554B00D3DB00 = {
			isa = PBXGroup;
			children = (
				7A03A4261C08555900D3DB00 /* circuits.hpp */,
				7A03A4271C08555900D3DB00 /* elementary-sorts.hpp */,
				7A03A4281C08555900D3DB00 /* heapsort-single-function.hpp */,
				7A03A4291C08555900D3DB00 /* heapsort.hpp */,
				7A03A42A1C08555900D3DB00 /* linked-list.hpp */,
				7A03A42B1C08555900D3DB00 /* marketing.hpp */,
				7A03A42C1C08555900D3DB00 /* maximum-subarray.hpp */,
				7A03A42D1C08555900D3DB00 /* median-keeper.hpp */,
				7A03A42E1C08555900D3DB00 /* mergesort-single-function.hpp */,
				7A03A42F1C08555900D3DB00 /* mergesort.hpp */,
				7A03A4301C08555900D3DB00 /* quick-select.hpp */,
				7A03A4311C08555900D3DB00 /* quicksort-single-function.hpp */,
				7A03A4321C08555900D3DB00 /* quicksort.hpp */,
				7A03A4331C08555900D3DB00 /* substring.hpp */,
				7A03A41E1C08554B00D3DB00 /* algorithms */,
				7A03A41D1C08554B00D3DB00 /* Products */,
			);
			sourceTree = "<group>";
		};
		7A03A41D1C08554B00D3DB00 /* Products */ = {
			isa = PBXGroup;
			children = (
				7A03A41C1C08554B00D3DB00 /* algorithms */,
			);
			name = Products;
			sourceTree = "<group>";
		};
		7A03A41E1C08554B00D3DB00 /* algorithms */ = {
			isa = PBXGroup;
			children = (
				7A03A41F1C08554B00D3DB00 /* main.cpp */,
			);
			path = algorithms;
			sourceTree = "<group>";
		};
/* End PBXGroup section */

/* Begin PBXNativeTarget section */
		7A03A41B1C08554B00D3DB00 /* algorithms */ = {
			isa = PBXNativeTarget;
			buildConfigurationList = 7A03A4231C08554B00D3DB00 /* Build configuration list for PBXNativeTarget "algorithms" */;
			buildPhases = (
				7A03A4181C08554B00D3DB00 /* Sources */,
				7A03A4191C08554B00D3DB00 /* Frameworks */,
				7A03A41A1C08554B00D3DB00 /* CopyFiles */,
			);
			buildRules = (
			);
			dependencies = (
			);
			name = algorithms;
			productName = algorithms;
			productReference = 7A03A41C1C08554B00D3DB00 /* algorithms */;
			productType = "com.apple.product-type.tool";
		};
/* End PBXNativeTarget section */

/* Begin PBXProject section */
		7A03A4141C08554B00D3DB00 /* Project object */ = {
			isa = PBXProject;
			attributes = {
				LastUpgradeCheck = 0710;
				ORGANIZATIONNAME = "Peter Goldsborough";
				TargetAttributes = {
					7A03A41B1C08554B00D3DB00 = {
						CreatedOnToolsVersion = 7.1.1;
					};
				};
			};
			buildConfigurationList = 7A03A4171C08554B00D3DB00 /* Build configuration list for PBXProject "algorithms" */;
			compatibilityVersion = "Xcode 3.2";
			developmentRegion = English;
			hasScannedForEncodings = 0;
			knownRegions = (
				en,
			);
			mainGroup = 7A03A4131C08554B00D3DB00;
			productRefGroup = 7A03A41D1C08554B00D3DB00 /* Products */;
			projectDirPath = "";
			projectRoot = "";
			targets = (
				7A03A41B1C08554B00D3DB00 /* algorithms */,
			);
		};
/* End PBXProject section */

/* Begin PBXSourcesBuildPhase section */
		7A03A4181C08554B00D3DB00 /* Sources */ = {
			isa = PBXSourcesBuildPhase;
			buildActionMask = 2147483647;
			files = (
				7A03A4201C08554B00D3DB00 /* main.cpp in Sources */,
			);
			runOnlyForDeploymentPostprocessing = 0;
		};
/* End PBXSourcesBuildPhase section */

/* Begin XCBuildConfiguration section */
		7A03A4211C08554B00D3DB00 /* Debug */ = {
			isa = XCBuildConfiguration;
			buildSettings = {
				ALWAYS_SEARCH_USER_PATHS = NO;
				CLANG_CXX_LANGUAGE_STANDARD = "gnu++0x";
				CLANG_CXX_LIBRARY = "libc++";
				CLANG_ENABLE_MODULES = YES;
				CLANG_ENABLE_OBJC_ARC = YES;
				CLANG_WARN_BOOL_CONVERSION = YES;
				CLANG_WARN_CONSTANT_CONVERSION = YES;
				CLANG_WARN_DIRECT_OBJC_ISA_USAGE = YES_ERROR;
				CLANG_WARN_EMPTY_BODY = YES;
				CLANG_WARN_ENUM_CONVERSION = YES;
				CLANG_WARN_INT_CONVERSION = YES;
				CLANG_WARN_OBJC_ROOT_CLASS = YES_ERROR;
				CLANG_WARN_UNREACHABLE_CODE = YES;
				CLANG_WARN__DUPLICATE_METHOD_MATCH = YES;
				CODE_SIGN_IDENTITY = "-";
				COPY_PHASE_STRIP = NO;
				DEBUG_INFORMATION_FORMAT = dwarf;
				ENABLE_STRICT_OBJC_MSGSEND = YES;
				ENABLE_TESTABILITY = YES;
				GCC_C_LANGUAGE_STANDARD = gnu99;
				GCC_DYNAMIC_NO_PIC = NO;
				GCC_NO_COMMON_BLOCKS = YES;
				GCC_OPTIMIZATION_LEVEL = 0;
				GCC_PREPROCESSOR_DEFINITIONS = (
					"DEBUG=1",
					"$(inherited)",
				);
				GCC_WARN_64_TO_32_BIT_CONVERSION = YES;
				GCC_WARN_ABOUT_RETURN_TYPE = YES_ERROR;
				GCC_WARN_UNDECLARED_SELECTOR = YES;
				GCC_WARN_UNINITIALIZED_AUTOS = YES_AGGRESSIVE;
				GCC_WARN_UNUSED_FUNCTION = YES;
				GCC_WARN_UNUSED_VARIABLE = YES;
				MACOSX_DEPLOYMENT_TARGET = 10.11;
				MTL_ENABLE_DEBUG_INFO = YES;
				ONLY_ACTIVE_ARCH = YES;
				SDKROOT = macosx;
			};
			name = Debug;
		};
		7A03A4221C08554B00D3DB00 /* Release */ = {
			isa = XCBuildConfiguration;
			buildSettings = {
				ALWAYS_SEARCH_USER_PATHS = NO;
				CLANG_CXX_LANGUAGE_STANDARD = "gnu++0x";
				CLANG_CXX_LIBRARY = "libc++";
				CLANG_ENABLE_MODULES = YES;
				CLANG_ENABLE_OBJC_ARC = YES;
				CLANG_WARN_BOOL_CONVERSION = YES;
				CLANG_WARN_CONSTANT_CONVERSION = YES;
				CLANG_WARN_DIRECT_OBJC_ISA_USAGE = YES_ERROR;
				CLANG_WARN_EMPTY_BODY = YES;
				CLANG_WARN_ENUM_CONVERSION = YES;
				CLANG_WARN_INT_CONVERSION = YES;
				CLANG_WARN_OBJC_ROOT_CLASS = YES_ERROR;
				CLANG_WARN_UNREACHABLE_CODE = YES;
				CLANG_WARN__DUPLICATE_METHOD_MATCH = YES;
				CODE_SIGN_IDENTITY = "-";
				COPY_PHASE_STRIP = NO;
				DEBUG_INFORMATION_FORMAT = "dwarf-with-dsym";
				ENABLE_NS_ASSERTIONS = NO;
				ENABLE_STRICT_OBJC_MSGSEND = YES;
				GCC_C_LANGUAGE_STANDARD = gnu99;
				GCC_NO_COMMON_BLOCKS = YES;
				GCC_WARN_64_TO_32_BIT_CONVERSION = YES;
				GCC_WARN_ABOUT_RETURN_TYPE = YES_ERROR;
				GCC_WARN_UNDECLARED_SELECTOR = YES;
				GCC_WARN_UNINITIALIZED_AUTOS = YES_AGGRESSIVE;
				GCC_WARN_UNUSED_FUNCTION = YES;
				GCC_WARN_UNUSED_VARIABLE = YES;
				MACOSX_DEPLOYMENT_TARGET = 10.11;
				MTL_ENABLE_DEBUG_INFO = NO;
				SDKROOT = macosx;
			};
			name = Release;
		};
		7A03A4241C08554B00D3DB00 /* Debug */ = {
			isa = XCBuildConfiguration;
			buildSettings = {
				PRODUCT_NAME = "$(TARGET_NAME)";
			};
			name = Debug;
		};
		7A03A4251C08554B00D3DB00 /* Release */ = {
			isa = XCBuildConfiguration;
			buildSettings = {
				PRODUCT_NAME = "$(TARGET_NAME)";
			};
			name = Release;
		};
/* End XCBuildConfiguration section */

/* Begin XCConfigurationList section */
		7A03A4171C08554B00D3DB00 /* Build configuration list for PBXProject "algorithms" */ = {
			isa = XCConfigurationList;
			buildConfigurations = (
				7A03A4211C08554B00D3DB00 /* Debug */,
				7A03A4221C08554B00D3DB00 /* Release */,
			);
			defaultConfigurationIsVisible = 0;
			defaultConfigurationName = Release;
		};
		7A03A4231C08554B00D3DB00 /* Build configuration list for PBXNativeTarget "algorithms" */ = {
			isa = XCConfigurationList;
			buildConfigurations = (
				7A03A4241C08554B00D3DB00 /* Debug */,
				7A03A4251C08554B00D3DB00 /* Release */,
			);
			defaultConfigurationIsVisible = 0;
		};
/* End XCConfigurationList section */
	};
	rootObject = 7A03A4141C08554B00D3DB00 /* Project object */;
}
